
Microsoft Visual Studio Solution File, Format Version 12.00
# Visual Studio 14
VisualStudioVersion = 14.0.25420.1
MinimumVisualStudioVersion = 10.0.40219.1
Project("{FAE04EC0-301F-11D3-BF4B-00C04F79EFBC}") = "ConfigurationInitializer", "ConfigurationInitializer\ConfigurationInitializer.csproj", "{4CD003D6-CFA4-4A7D-A24E-646F22D77CA1}"
EndProject
Project("{FAE04EC0-301F-11D3-BF4B-00C04F79EFBC}") = "ConfigurationInitializer.UnitTests", "ConfigurationInitializer.UnitTests\ConfigurationInitializer.UnitTests.csproj", "{0513BE48-0146-44E1-A459-23785DE3282E}"
EndProject
Project("{FAE04EC0-301F-11D3-BF4B-00C04F79EFBC}") = "ConfigurationInitializer.Azure", "ConfigurationInitializer.Azure\ConfigurationInitializer.Azure.csproj", "{9FC7A669-3195-49FD-AF68-8DB8187EA5AB}"
EndProject
Project("{FAE04EC0-301F-11D3-BF4B-00C04F79EFBC}") = "EncryptDecryptUtils", "EncryptDecryptUtils\EncryptDecryptUtils.csproj", "{492B24CD-2B26-41D5-966B-4DA6EF169BDD}"
EndProject
Global
	GlobalSection(SolutionConfigurationPlatforms) = preSolution
		Debug|Any CPU = Debug|Any CPU
		Release|Any CPU = Release|Any CPU
	EndGlobalSection
	GlobalSection(ProjectConfigurationPlatforms) = postSolution
		{4CD003D6-CFA4-4A7D-A24E-646F22D77CA1}.Debug|Any CPU.ActiveCfg = Debug|Any CPU
		{4CD003D6-CFA4-4A7D-A24E-646F22D77CA1}.Debug|Any CPU.Build.0 = Debug|Any CPU
		{4CD003D6-CFA4-4A7D-A24E-646F22D77CA1}.Release|Any CPU.ActiveCfg = Release|Any CPU
		{4CD003D6-CFA4-4A7D-A24E-646F22D77CA1}.Release|Any CPU.Build.0 = Release|Any CPU
		{0513BE48-0146-44E1-A459-23785DE3282E}.Debug|Any CPU.ActiveCfg = Debug|Any CPU
		{0513BE48-0146-44E1-A459-23785DE3282E}.Debug|Any CPU.Build.0 = Debug|Any CPU
		{0513BE48-0146-44E1-A459-23785DE3282E}.Release|Any CPU.ActiveCfg = Release|Any CPU
		{0513BE48-0146-44E1-A459-23785DE3282E}.Release|Any CPU.Build.0 = Release|Any CPU
		{9FC7A669-3195-49FD-AF68-8DB8187EA5AB}.Debug|Any CPU.ActiveCfg = Debug|Any CPU
		{9FC7A669-3195-49FD-AF68-8DB8187EA5AB}.Debug|Any CPU.Build.0 = Debug|Any CPU
		{9FC7A669-3195-49FD-AF68-8DB8187EA5AB}.Release|Any CPU.ActiveCfg = Release|Any CPU
		{9FC7A669-3195-49FD-AF68-8DB8187EA5AB}.Release|Any CPU.Build.0 = Release|Any CPU
		{492B24CD-2B26-41D5-966B-4DA6EF169BDD}.Debug|Any CPU.ActiveCfg = Debug|Any CPU
		{492B24CD-2B26-41D5-966B-4DA6EF169BDD}.Debug|Any CPU.Build.0 = Debug|Any CPU
		{492B24CD-2B26-41D5-966B-4DA6EF169BDD}.Release|Any CPU.ActiveCfg = Release|Any CPU
		{492B24CD-2B26-41D5-966B-4DA6EF169BDD}.Release|Any CPU.Build.0 = Release|Any CPU
	EndGlobalSection
	GlobalSection(SolutionProperties) = preSolution
		HideSolutionNode = FALSE
	EndGlobalSection
EndGlobal
